// !$*UTF8*$!
{
	archiveVersion = 1;
	classes = {
	};
	objectVersion = 55;
	objects = {

/* Begin PBXBuildFile section */
		45547701281A2F7E0085AC46 /* AppDelegate.swift in Sources */ = {isa = PBXBuildFile; fileRef = 45547700281A2F7E0085AC46 /* AppDelegate.swift */; };
		45547703281A2F7E0085AC46 /* SceneDelegate.swift in Sources */ = {isa = PBXBuildFile; fileRef = 45547702281A2F7E0085AC46 /* SceneDelegate.swift */; };
		45547705281A2F7E0085AC46 /* QuestionViewController.swift in Sources */ = {isa = PBXBuildFile; fileRef = 45547704281A2F7E0085AC46 /* QuestionViewController.swift */; };
		45547708281A2F7E0085AC46 /* Main.storyboard in Resources */ = {isa = PBXBuildFile; fileRef = 45547706281A2F7E0085AC46 /* Main.storyboard */; };
		4554770A281A2F800085AC46 /* Assets.xcassets in Resources */ = {isa = PBXBuildFile; fileRef = 45547709281A2F800085AC46 /* Assets.xcassets */; };
		4554770D281A2F800085AC46 /* LaunchScreen.storyboard in Resources */ = {isa = PBXBuildFile; fileRef = 4554770B281A2F800085AC46 /* LaunchScreen.storyboard */; };
		45547718281A2F800085AC46 /* RabbleWabbleTests.swift in Sources */ = {isa = PBXBuildFile; fileRef = 45547717281A2F800085AC46 /* RabbleWabbleTests.swift */; };
		45547722281A2F800085AC46 /* RabbleWabbleUITests.swift in Sources */ = {isa = PBXBuildFile; fileRef = 45547721281A2F800085AC46 /* RabbleWabbleUITests.swift */; };
		45547724281A2F800085AC46 /* RabbleWabbleUITestsLaunchTests.swift in Sources */ = {isa = PBXBuildFile; fileRef = 45547723281A2F800085AC46 /* RabbleWabbleUITestsLaunchTests.swift */; };
		45547737281A339C0085AC46 /* Question.swift in Sources */ = {isa = PBXBuildFile; fileRef = 45547736281A339C0085AC46 /* Question.swift */; };
		4554773B281A37CC0085AC46 /* QuestionView.swift in Sources */ = {isa = PBXBuildFile; fileRef = 4554773A281A37CC0085AC46 /* QuestionView.swift */; };
		45547741281AD4880085AC46 /* QuestionGroup.swift in Sources */ = {isa = PBXBuildFile; fileRef = 45547740281AD4880085AC46 /* QuestionGroup.swift */; };
		45547743281AD6470085AC46 /* SelectQuestionGroupViewController.swift in Sources */ = {isa = PBXBuildFile; fileRef = 45547742281AD6470085AC46 /* SelectQuestionGroupViewController.swift */; };
		45547745281B127C0085AC46 /* QuestionGroupCell.swift in Sources */ = {isa = PBXBuildFile; fileRef = 45547744281B127C0085AC46 /* QuestionGroupCell.swift */; };
		455477B6281E04A30085AC46 /* QuestionStrategy.swift in Sources */ = {isa = PBXBuildFile; fileRef = 455477B5281E04A30085AC46 /* QuestionStrategy.swift */; };
		455477B8281E09610085AC46 /* SequencialQuestionStrategy.swift in Sources */ = {isa = PBXBuildFile; fileRef = 455477B7281E09610085AC46 /* SequencialQuestionStrategy.swift */; };
		455477BA281E2B430085AC46 /* RandomQuestionStrategy.swift in Sources */ = {isa = PBXBuildFile; fileRef = 455477B9281E2B430085AC46 /* RandomQuestionStrategy.swift */; };
		455477BC281E57AE0085AC46 /* AppSetting.swift in Sources */ = {isa = PBXBuildFile; fileRef = 455477BB281E57AE0085AC46 /* AppSetting.swift */; };
		455477BE281F67E10085AC46 /* AppSettingViewController.swift in Sources */ = {isa = PBXBuildFile; fileRef = 455477BD281F67E10085AC46 /* AppSettingViewController.swift */; };
		455477C1281FB27A0085AC46 /* DiskCareTaker.swift in Sources */ = {isa = PBXBuildFile; fileRef = 455477C0281FB27A0085AC46 /* DiskCareTaker.swift */; };
		455477C3282074580085AC46 /* QuestioGroupCaretaker.swift in Sources */ = {isa = PBXBuildFile; fileRef = 455477C2282074580085AC46 /* QuestioGroupCaretaker.swift */; };
		455477CB2820A6C90085AC46 /* QuestionGroupData.json in Resources */ = {isa = PBXBuildFile; fileRef = 455477CA2820A6C90085AC46 /* QuestionGroupData.json */; };
		455477CD2820B5B30085AC46 /* BaseQuestionStrategy.swift in Sources */ = {isa = PBXBuildFile; fileRef = 455477CC2820B5B30085AC46 /* BaseQuestionStrategy.swift */; };
		455477CF2820FE430085AC46 /* Observable.swift in Sources */ = {isa = PBXBuildFile; fileRef = 455477CE2820FE420085AC46 /* Observable.swift */; };
/* End PBXBuildFile section */

/* Begin PBXContainerItemProxy section */
		45547714281A2F800085AC46 /* PBXContainerItemProxy */ = {
			isa = PBXContainerItemProxy;
			containerPortal = 455476F5281A2F7E0085AC46 /* Project object */;
			proxyType = 1;
			remoteGlobalIDString = 455476FC281A2F7E0085AC46;
			remoteInfo = RabbleWabble;
		};
		4554771E281A2F800085AC46 /* PBXContainerItemProxy */ = {
			isa = PBXContainerItemProxy;
			containerPortal = 455476F5281A2F7E0085AC46 /* Project object */;
			proxyType = 1;
			remoteGlobalIDString = 455476FC281A2F7E0085AC46;
			remoteInfo = RabbleWabble;
		};
/* End PBXContainerItemProxy section */

/* Begin PBXFileReference section */
		455476FD281A2F7E0085AC46 /* RabbleWabble.app */ = {isa = PBXFileReference; explicitFileType = wrapper.application; includeInIndex = 0; path = RabbleWabble.app; sourceTree = BUILT_PRODUCTS_DIR; };
		45547700281A2F7E0085AC46 /* AppDelegate.swift */ = {isa = PBXFileReference; lastKnownFileType = sourcecode.swift; path = AppDelegate.swift; sourceTree = "<group>"; };
		45547702281A2F7E0085AC46 /* SceneDelegate.swift */ = {isa = PBXFileReference; lastKnownFileType = sourcecode.swift; path = SceneDelegate.swift; sourceTree = "<group>"; };
		45547704281A2F7E0085AC46 /* QuestionViewController.swift */ = {isa = PBXFileReference; lastKnownFileType = sourcecode.swift; path = QuestionViewController.swift; sourceTree = "<group>"; };
		45547707281A2F7E0085AC46 /* Base */ = {isa = PBXFileReference; lastKnownFileType = file.storyboard; name = Base; path = Base.lproj/Main.storyboard; sourceTree = "<group>"; };
		45547709281A2F800085AC46 /* Assets.xcassets */ = {isa = PBXFileReference; lastKnownFileType = folder.assetcatalog; path = Assets.xcassets; sourceTree = "<group>"; };
		4554770C281A2F800085AC46 /* Base */ = {isa = PBXFileReference; lastKnownFileType = file.storyboard; name = Base; path = Base.lproj/LaunchScreen.storyboard; sourceTree = "<group>"; };
		4554770E281A2F800085AC46 /* Info.plist */ = {isa = PBXFileReference; lastKnownFileType = text.plist.xml; path = Info.plist; sourceTree = "<group>"; };
		45547713281A2F800085AC46 /* RabbleWabbleTests.xctest */ = {isa = PBXFileReference; explicitFileType = wrapper.cfbundle; includeInIndex = 0; path = RabbleWabbleTests.xctest; sourceTree = BUILT_PRODUCTS_DIR; };
		45547717281A2F800085AC46 /* RabbleWabbleTests.swift */ = {isa = PBXFileReference; lastKnownFileType = sourcecode.swift; path = RabbleWabbleTests.swift; sourceTree = "<group>"; };
		4554771D281A2F800085AC46 /* RabbleWabbleUITests.xctest */ = {isa = PBXFileReference; explicitFileType = wrapper.cfbundle; includeInIndex = 0; path = RabbleWabbleUITests.xctest; sourceTree = BUILT_PRODUCTS_DIR; };
		45547721281A2F800085AC46 /* RabbleWabbleUITests.swift */ = {isa = PBXFileReference; lastKnownFileType = sourcecode.swift; path = RabbleWabbleUITests.swift; sourceTree = "<group>"; };
		45547723281A2F800085AC46 /* RabbleWabbleUITestsLaunchTests.swift */ = {isa = PBXFileReference; lastKnownFileType = sourcecode.swift; path = RabbleWabbleUITestsLaunchTests.swift; sourceTree = "<group>"; };
		45547736281A339C0085AC46 /* Question.swift */ = {isa = PBXFileReference; lastKnownFileType = sourcecode.swift; path = Question.swift; sourceTree = "<group>"; };
		4554773A281A37CC0085AC46 /* QuestionView.swift */ = {isa = PBXFileReference; lastKnownFileType = sourcecode.swift; path = QuestionView.swift; sourceTree = "<group>"; };
		45547740281AD4880085AC46 /* QuestionGroup.swift */ = {isa = PBXFileReference; lastKnownFileType = sourcecode.swift; path = QuestionGroup.swift; sourceTree = "<group>"; };
		45547742281AD6470085AC46 /* SelectQuestionGroupViewController.swift */ = {isa = PBXFileReference; lastKnownFileType = sourcecode.swift; path = SelectQuestionGroupViewController.swift; sourceTree = "<group>"; };
		45547744281B127C0085AC46 /* QuestionGroupCell.swift */ = {isa = PBXFileReference; lastKnownFileType = sourcecode.swift; path = QuestionGroupCell.swift; sourceTree = "<group>"; };
		455477B5281E04A30085AC46 /* QuestionStrategy.swift */ = {isa = PBXFileReference; lastKnownFileType = sourcecode.swift; path = QuestionStrategy.swift; sourceTree = "<group>"; };
		455477B7281E09610085AC46 /* SequencialQuestionStrategy.swift */ = {isa = PBXFileReference; lastKnownFileType = sourcecode.swift; path = SequencialQuestionStrategy.swift; sourceTree = "<group>"; };
		455477B9281E2B430085AC46 /* RandomQuestionStrategy.swift */ = {isa = PBXFileReference; lastKnownFileType = sourcecode.swift; path = RandomQuestionStrategy.swift; sourceTree = "<group>"; };
		455477BB281E57AE0085AC46 /* AppSetting.swift */ = {isa = PBXFileReference; lastKnownFileType = sourcecode.swift; path = AppSetting.swift; sourceTree = "<group>"; };
		455477BD281F67E10085AC46 /* AppSettingViewController.swift */ = {isa = PBXFileReference; lastKnownFileType = sourcecode.swift; path = AppSettingViewController.swift; sourceTree = "<group>"; };
		455477C0281FB27A0085AC46 /* DiskCareTaker.swift */ = {isa = PBXFileReference; lastKnownFileType = sourcecode.swift; path = DiskCareTaker.swift; sourceTree = "<group>"; };
		455477C2282074580085AC46 /* QuestioGroupCaretaker.swift */ = {isa = PBXFileReference; lastKnownFileType = sourcecode.swift; path = QuestioGroupCaretaker.swift; sourceTree = "<group>"; };
		455477CA2820A6C90085AC46 /* QuestionGroupData.json */ = {isa = PBXFileReference; fileEncoding = 4; lastKnownFileType = text.json; name = QuestionGroupData.json; path = ../../../../QuestionGroupData.json; sourceTree = "<group>"; };
		455477CC2820B5B30085AC46 /* BaseQuestionStrategy.swift */ = {isa = PBXFileReference; lastKnownFileType = sourcecode.swift; path = BaseQuestionStrategy.swift; sourceTree = "<group>"; };
		455477CE2820FE420085AC46 /* Observable.swift */ = {isa = PBXFileReference; lastKnownFileType = sourcecode.swift; path = Observable.swift; sourceTree = "<group>"; };
/* End PBXFileReference section */

/* Begin PBXFrameworksBuildPhase section */
		455476FA281A2F7E0085AC46 /* Frameworks */ = {
			isa = PBXFrameworksBuildPhase;
			buildActionMask = 2147483647;
			files = (
			);
			runOnlyForDeploymentPostprocessing = 0;
		};
		45547710281A2F800085AC46 /* Frameworks */ = {
			isa = PBXFrameworksBuildPhase;
			buildActionMask = 2147483647;
			files = (
			);
			runOnlyForDeploymentPostprocessing = 0;
		};
		4554771A281A2F800085AC46 /* Frameworks */ = {
			isa = PBXFrameworksBuildPhase;
			buildActionMask = 2147483647;
			files = (
			);
			runOnlyForDeploymentPostprocessing = 0;
		};
/* End PBXFrameworksBuildPhase section */

/* Begin PBXGroup section */
		455476F4281A2F7E0085AC46 = {
			isa = PBXGroup;
			children = (
				455476FE281A2F7E0085AC46 /* Products */,
				455476FF281A2F7E0085AC46 /* RabbleWabble */,
				45547716281A2F800085AC46 /* RabbleWabbleTests */,
				45547720281A2F800085AC46 /* RabbleWabbleUITests */,
			);
			sourceTree = "<group>";
		};
		455476FE281A2F7E0085AC46 /* Products */ = {
			isa = PBXGroup;
			children = (
				455476FD281A2F7E0085AC46 /* RabbleWabble.app */,
				45547713281A2F800085AC46 /* RabbleWabbleTests.xctest */,
				4554771D281A2F800085AC46 /* RabbleWabbleUITests.xctest */,
			);
			name = Products;
			sourceTree = "<group>";
		};
		455476FF281A2F7E0085AC46 /* RabbleWabble */ = {
			isa = PBXGroup;
			children = (
				45547730281A30AA0085AC46 /* AppDelegate */,
				455477BF281FB1F90085AC46 /* CareTakers */,
				45547731281A30E10085AC46 /* Controller */,
				4554770E281A2F800085AC46 /* Info.plist */,
				45547733281A31060085AC46 /* Models */,
				45547734281A31230085AC46 /* Resources */,
				455477B4281E042E0085AC46 /* Strategies */,
				45547732281A30EF0085AC46 /* Views */,
			);
			path = RabbleWabble;
			sourceTree = "<group>";
		};
		45547716281A2F800085AC46 /* RabbleWabbleTests */ = {
			isa = PBXGroup;
			children = (
				45547717281A2F800085AC46 /* RabbleWabbleTests.swift */,
			);
			path = RabbleWabbleTests;
			sourceTree = "<group>";
		};
		45547720281A2F800085AC46 /* RabbleWabbleUITests */ = {
			isa = PBXGroup;
			children = (
				45547721281A2F800085AC46 /* RabbleWabbleUITests.swift */,
				45547723281A2F800085AC46 /* RabbleWabbleUITestsLaunchTests.swift */,
			);
			path = RabbleWabbleUITests;
			sourceTree = "<group>";
		};
		45547730281A30AA0085AC46 /* AppDelegate */ = {
			isa = PBXGroup;
			children = (
				45547702281A2F7E0085AC46 /* SceneDelegate.swift */,
				45547700281A2F7E0085AC46 /* AppDelegate.swift */,
			);
			path = AppDelegate;
			sourceTree = "<group>";
		};
		45547731281A30E10085AC46 /* Controller */ = {
			isa = PBXGroup;
			children = (
				45547704281A2F7E0085AC46 /* QuestionViewController.swift */,
				45547742281AD6470085AC46 /* SelectQuestionGroupViewController.swift */,
				455477BD281F67E10085AC46 /* AppSettingViewController.swift */,
			);
			path = Controller;
			sourceTree = "<group>";
		};
		45547732281A30EF0085AC46 /* Views */ = {
			isa = PBXGroup;
			children = (
				4554770B281A2F800085AC46 /* LaunchScreen.storyboard */,
				45547706281A2F7E0085AC46 /* Main.storyboard */,
				4554773A281A37CC0085AC46 /* QuestionView.swift */,
				45547744281B127C0085AC46 /* QuestionGroupCell.swift */,
			);
			path = Views;
			sourceTree = "<group>";
		};
		45547733281A31060085AC46 /* Models */ = {
			isa = PBXGroup;
			children = (
				45547736281A339C0085AC46 /* Question.swift */,
				45547740281AD4880085AC46 /* QuestionGroup.swift */,
				455477BB281E57AE0085AC46 /* AppSetting.swift */,
				455477CE2820FE420085AC46 /* Observable.swift */,
			);
			path = Models;
			sourceTree = "<group>";
		};
		45547734281A31230085AC46 /* Resources */ = {
			isa = PBXGroup;
			children = (
				45547709281A2F800085AC46 /* Assets.xcassets */,
				455477CA2820A6C90085AC46 /* QuestionGroupData.json */,
			);
			path = Resources;
			sourceTree = "<group>";
		};
		455477B4281E042E0085AC46 /* Strategies */ = {
			isa = PBXGroup;
			children = (
				455477B5281E04A30085AC46 /* QuestionStrategy.swift */,
				455477B7281E09610085AC46 /* SequencialQuestionStrategy.swift */,
				455477B9281E2B430085AC46 /* RandomQuestionStrategy.swift */,
				455477CC2820B5B30085AC46 /* BaseQuestionStrategy.swift */,
			);
			path = Strategies;
			sourceTree = "<group>";
		};
		455477BF281FB1F90085AC46 /* CareTakers */ = {
			isa = PBXGroup;
			children = (
				455477C0281FB27A0085AC46 /* DiskCareTaker.swift */,
				455477C2282074580085AC46 /* QuestioGroupCaretaker.swift */,
			);
			path = CareTakers;
			sourceTree = "<group>";
		};
/* End PBXGroup section */

/* Begin PBXNativeTarget section */
		455476FC281A2F7E0085AC46 /* RabbleWabble */ = {
			isa = PBXNativeTarget;
			buildConfigurationList = 45547727281A2F800085AC46 /* Build configuration list for PBXNativeTarget "RabbleWabble" */;
			buildPhases = (
				455476F9281A2F7E0085AC46 /* Sources */,
				455476FA281A2F7E0085AC46 /* Frameworks */,
				455476FB281A2F7E0085AC46 /* Resources */,
			);
			buildRules = (
			);
			dependencies = (
			);
			name = RabbleWabble;
			productName = RabbleWabble;
			productReference = 455476FD281A2F7E0085AC46 /* RabbleWabble.app */;
			productType = "com.apple.product-type.application";
		};
		45547712281A2F800085AC46 /* RabbleWabbleTests */ = {
			isa = PBXNativeTarget;
			buildConfigurationList = 4554772A281A2F800085AC46 /* Build configuration list for PBXNativeTarget "RabbleWabbleTests" */;
			buildPhases = (
				4554770F281A2F800085AC46 /* Sources */,
				45547710281A2F800085AC46 /* Frameworks */,
				45547711281A2F800085AC46 /* Resources */,
			);
			buildRules = (
			);
			dependencies = (
				45547715281A2F800085AC46 /* PBXTargetDependency */,
			);
			name = RabbleWabbleTests;
			productName = RabbleWabbleTests;
			productReference = 45547713281A2F800085AC46 /* RabbleWabbleTests.xctest */;
			productType = "com.apple.product-type.bundle.unit-test";
		};
		4554771C281A2F800085AC46 /* RabbleWabbleUITests */ = {
			isa = PBXNativeTarget;
			buildConfigurationList = 4554772D281A2F800085AC46 /* Build configuration list for PBXNativeTarget "RabbleWabbleUITests" */;
			buildPhases = (
				45547719281A2F800085AC46 /* Sources */,
				4554771A281A2F800085AC46 /* Frameworks */,
				4554771B281A2F800085AC46 /* Resources */,
			);
			buildRules = (
			);
			dependencies = (
				4554771F281A2F800085AC46 /* PBXTargetDependency */,
			);
			name = RabbleWabbleUITests;
			productName = RabbleWabbleUITests;
			productReference = 4554771D281A2F800085AC46 /* RabbleWabbleUITests.xctest */;
			productType = "com.apple.product-type.bundle.ui-testing";
		};
/* End PBXNativeTarget section */

/* Begin PBXProject section */
		455476F5281A2F7E0085AC46 /* Project object */ = {
			isa = PBXProject;
			attributes = {
				BuildIndependentTargetsInParallel = 1;
				LastSwiftUpdateCheck = 1330;
				LastUpgradeCheck = 1330;
				TargetAttributes = {
					455476FC281A2F7E0085AC46 = {
						CreatedOnToolsVersion = 13.3.1;
					};
					45547712281A2F800085AC46 = {
						CreatedOnToolsVersion = 13.3.1;
						TestTargetID = 455476FC281A2F7E0085AC46;
					};
					4554771C281A2F800085AC46 = {
						CreatedOnToolsVersion = 13.3.1;
						TestTargetID = 455476FC281A2F7E0085AC46;
					};
				};
			};
			buildConfigurationList = 455476F8281A2F7E0085AC46 /* Build configuration list for PBXProject "RabbleWabble" */;
			compatibilityVersion = "Xcode 13.0";
			developmentRegion = en;
			hasScannedForEncodings = 0;
			knownRegions = (
				en,
				Base,
			);
			mainGroup = 455476F4281A2F7E0085AC46;
			productRefGroup = 455476FE281A2F7E0085AC46 /* Products */;
			projectDirPath = "";
			projectRoot = "";
			targets = (
				455476FC281A2F7E0085AC46 /* RabbleWabble */,
				45547712281A2F800085AC46 /* RabbleWabbleTests */,
				4554771C281A2F800085AC46 /* RabbleWabbleUITests */,
			);
		};
/* End PBXProject section */

/* Begin PBXResourcesBuildPhase section */
		455476FB281A2F7E0085AC46 /* Resources */ = {
			isa = PBXResourcesBuildPhase;
			buildActionMask = 2147483647;
			files = (
				4554770D281A2F800085AC46 /* LaunchScreen.storyboard in Resources */,
				455477CB2820A6C90085AC46 /* QuestionGroupData.json in Resources */,
				4554770A281A2F800085AC46 /* Assets.xcassets in Resources */,
				45547708281A2F7E0085AC46 /* Main.storyboard in Resources */,
			);
			runOnlyForDeploymentPostprocessing = 0;
		};
		45547711281A2F800085AC46 /* Resources */ = {
			isa = PBXResourcesBuildPhase;
			buildActionMask = 2147483647;
			files = (
			);
			runOnlyForDeploymentPostprocessing = 0;
		};
		4554771B281A2F800085AC46 /* Resources */ = {
			isa = PBXResourcesBuildPhase;
			buildActionMask = 2147483647;
			files = (
			);
			runOnlyForDeploymentPostprocessing = 0;
		};
/* End PBXResourcesBuildPhase section */

/* Begin PBXSourcesBuildPhase section */
		455476F9281A2F7E0085AC46 /* Sources */ = {
			isa = PBXSourcesBuildPhase;
			buildActionMask = 2147483647;
			files = (
				45547705281A2F7E0085AC46 /* QuestionViewController.swift in Sources */,
				455477C3282074580085AC46 /* QuestioGroupCaretaker.swift in Sources */,
				45547737281A339C0085AC46 /* Question.swift in Sources */,
				455477BC281E57AE0085AC46 /* AppSetting.swift in Sources */,
				455477C1281FB27A0085AC46 /* DiskCareTaker.swift in Sources */,
				455477BE281F67E10085AC46 /* AppSettingViewController.swift in Sources */,
				45547701281A2F7E0085AC46 /* AppDelegate.swift in Sources */,
				455477BA281E2B430085AC46 /* RandomQuestionStrategy.swift in Sources */,
				45547741281AD4880085AC46 /* QuestionGroup.swift in Sources */,
				455477B8281E09610085AC46 /* SequencialQuestionStrategy.swift in Sources */,
				4554773B281A37CC0085AC46 /* QuestionView.swift in Sources */,
				455477CD2820B5B30085AC46 /* BaseQuestionStrategy.swift in Sources */,
				455477CF2820FE430085AC46 /* Observable.swift in Sources */,
				45547703281A2F7E0085AC46 /* SceneDelegate.swift in Sources */,
				45547743281AD6470085AC46 /* SelectQuestionGroupViewController.swift in Sources */,
				455477B6281E04A30085AC46 /* QuestionStrategy.swift in Sources */,
				45547745281B127C0085AC46 /* QuestionGroupCell.swift in Sources */,
			);
			runOnlyForDeploymentPostprocessing = 0;
		};
		4554770F281A2F800085AC46 /* Sources */ = {
			isa = PBXSourcesBuildPhase;
			buildActionMask = 2147483647;
			files = (
				45547718281A2F800085AC46 /* RabbleWabbleTests.swift in Sources */,
			);
			runOnlyForDeploymentPostprocessing = 0;
		};
		45547719281A2F800085AC46 /* Sources */ = {
			isa = PBXSourcesBuildPhase;
			buildActionMask = 2147483647;
			files = (
				45547722281A2F800085AC46 /* RabbleWabbleUITests.swift in Sources */,
				45547724281A2F800085AC46 /* RabbleWabbleUITestsLaunchTests.swift in Sources */,
			);
			runOnlyForDeploymentPostprocessing = 0;
		};
/* End PBXSourcesBuildPhase section */

/* Begin PBXTargetDependency section */
		45547715281A2F800085AC46 /* PBXTargetDependency */ = {
			isa = PBXTargetDependency;
			target = 455476FC281A2F7E0085AC46 /* RabbleWabble */;
			targetProxy = 45547714281A2F800085AC46 /* PBXContainerItemProxy */;
		};
		4554771F281A2F800085AC46 /* PBXTargetDependency */ = {
			isa = PBXTargetDependency;
			target = 455476FC281A2F7E0085AC46 /* RabbleWabble */;
			targetProxy = 4554771E281A2F800085AC46 /* PBXContainerItemProxy */;
		};
/* End PBXTargetDependency section */

/* Begin PBXVariantGroup section */
		45547706281A2F7E0085AC46 /* Main.storyboard */ = {
			isa = PBXVariantGroup;
			children = (
				45547707281A2F7E0085AC46 /* Base */,
			);
			name = Main.storyboard;
			sourceTree = "<group>";
		};
		4554770B281A2F800085AC46 /* LaunchScreen.storyboard */ = {
			isa = PBXVariantGroup;
			children = (
				4554770C281A2F800085AC46 /* Base */,
			);
			name = LaunchScreen.storyboard;
			sourceTree = "<group>";
		};
/* End PBXVariantGroup section */

/* Begin XCBuildConfiguration section */
		45547725281A2F800085AC46 /* Debug */ = {
			isa = XCBuildConfiguration;
			buildSettings = {
				ALWAYS_SEARCH_USER_PATHS = NO;
				CLANG_ANALYZER_NONNULL = YES;
				CLANG_ANALYZER_NUMBER_OBJECT_CONVERSION = YES_AGGRESSIVE;
				CLANG_CXX_LANGUAGE_STANDARD = "gnu++17";
				CLANG_ENABLE_MODULES = YES;
				CLANG_ENABLE_OBJC_ARC = YES;
				CLANG_ENABLE_OBJC_WEAK = YES;
				CLANG_WARN_BLOCK_CAPTURE_AUTORELEASING = YES;
				CLANG_WARN_BOOL_CONVERSION = YES;
				CLANG_WARN_COMMA = YES;
				CLANG_WARN_CONSTANT_CONVERSION = YES;
				CLANG_WARN_DEPRECATED_OBJC_IMPLEMENTATIONS = YES;
				CLANG_WARN_DIRECT_OBJC_ISA_USAGE = YES_ERROR;
				CLANG_WARN_DOCUMENTATION_COMMENTS = YES;
				CLANG_WARN_EMPTY_BODY = YES;
				CLANG_WARN_ENUM_CONVERSION = YES;
				CLANG_WARN_INFINITE_RECURSION = YES;
				CLANG_WARN_INT_CONVERSION = YES;
				CLANG_WARN_NON_LITERAL_NULL_CONVERSION = YES;
				CLANG_WARN_OBJC_IMPLICIT_RETAIN_SELF = YES;
				CLANG_WARN_OBJC_LITERAL_CONVERSION = YES;
				CLANG_WARN_OBJC_ROOT_CLASS = YES_ERROR;
				CLANG_WARN_QUOTED_INCLUDE_IN_FRAMEWORK_HEADER = YES;
				CLANG_WARN_RANGE_LOOP_ANALYSIS = YES;
				CLANG_WARN_STRICT_PROTOTYPES = YES;
				CLANG_WARN_SUSPICIOUS_MOVE = YES;
				CLANG_WARN_UNGUARDED_AVAILABILITY = YES_AGGRESSIVE;
				CLANG_WARN_UNREACHABLE_CODE = YES;
				CLANG_WARN__DUPLICATE_METHOD_MATCH = YES;
				COPY_PHASE_STRIP = NO;
				DEBUG_INFORMATION_FORMAT = dwarf;
				ENABLE_STRICT_OBJC_MSGSEND = YES;
				ENABLE_TESTABILITY = YES;
				GCC_C_LANGUAGE_STANDARD = gnu11;
				GCC_DYNAMIC_NO_PIC = NO;
				GCC_NO_COMMON_BLOCKS = YES;
				GCC_OPTIMIZATION_LEVEL = 0;
				GCC_PREPROCESSOR_DEFINITIONS = (
					"DEBUG=1",
					"$(inherited)",
				);
				GCC_WARN_64_TO_32_BIT_CONVERSION = YES;
				GCC_WARN_ABOUT_RETURN_TYPE = YES_ERROR;
				GCC_WARN_UNDECLARED_SELECTOR = YES;
				GCC_WARN_UNINITIALIZED_AUTOS = YES_AGGRESSIVE;
				GCC_WARN_UNUSED_FUNCTION = YES;
				GCC_WARN_UNUSED_VARIABLE = YES;
				IPHONEOS_DEPLOYMENT_TARGET = 15.4;
				MTL_ENABLE_DEBUG_INFO = INCLUDE_SOURCE;
				MTL_FAST_MATH = YES;
				ONLY_ACTIVE_ARCH = YES;
				SDKROOT = iphoneos;
				SWIFT_ACTIVE_COMPILATION_CONDITIONS = DEBUG;
				SWIFT_OPTIMIZATION_LEVEL = "-Onone";
			};
			name = Debug;
		};
		45547726281A2F800085AC46 /* Release */ = {
			isa = XCBuildConfiguration;
			buildSettings = {
				ALWAYS_SEARCH_USER_PATHS = NO;
				CLANG_ANALYZER_NONNULL = YES;
				CLANG_ANALYZER_NUMBER_OBJECT_CONVERSION = YES_AGGRESSIVE;
				CLANG_CXX_LANGUAGE_STANDARD = "gnu++17";
				CLANG_ENABLE_MODULES = YES;
				CLANG_ENABLE_OBJC_ARC = YES;
				CLANG_ENABLE_OBJC_WEAK = YES;
				CLANG_WARN_BLOCK_CAPTURE_AUTORELEASING = YES;
				CLANG_WARN_BOOL_CONVERSION = YES;
				CLANG_WARN_COMMA = YES;
				CLANG_WARN_CONSTANT_CONVERSION = YES;
				CLANG_WARN_DEPRECATED_OBJC_IMPLEMENTATIONS = YES;
				CLANG_WARN_DIRECT_OBJC_ISA_USAGE = YES_ERROR;
				CLANG_WARN_DOCUMENTATION_COMMENTS = YES;
				CLANG_WARN_EMPTY_BODY = YES;
				CLANG_WARN_ENUM_CONVERSION = YES;
				CLANG_WARN_INFINITE_RECURSION = YES;
				CLANG_WARN_INT_CONVERSION = YES;
				CLANG_WARN_NON_LITERAL_NULL_CONVERSION = YES;
				CLANG_WARN_OBJC_IMPLICIT_RETAIN_SELF = YES;
				CLANG_WARN_OBJC_LITERAL_CONVERSION = YES;
				CLANG_WARN_OBJC_ROOT_CLASS = YES_ERROR;
				CLANG_WARN_QUOTED_INCLUDE_IN_FRAMEWORK_HEADER = YES;
				CLANG_WARN_RANGE_LOOP_ANALYSIS = YES;
				CLANG_WARN_STRICT_PROTOTYPES = YES;
				CLANG_WARN_SUSPICIOUS_MOVE = YES;
				CLANG_WARN_UNGUARDED_AVAILABILITY = YES_AGGRESSIVE;
				CLANG_WARN_UNREACHABLE_CODE = YES;
				CLANG_WARN__DUPLICATE_METHOD_MATCH = YES;
				COPY_PHASE_STRIP = NO;
				DEBUG_INFORMATION_FORMAT = "dwarf-with-dsym";
				ENABLE_NS_ASSERTIONS = NO;
				ENABLE_STRICT_OBJC_MSGSEND = YES;
				GCC_C_LANGUAGE_STANDARD = gnu11;
				GCC_NO_COMMON_BLOCKS = YES;
				GCC_WARN_64_TO_32_BIT_CONVERSION = YES;
				GCC_WARN_ABOUT_RETURN_TYPE = YES_ERROR;
				GCC_WARN_UNDECLARED_SELECTOR = YES;
				GCC_WARN_UNINITIALIZED_AUTOS = YES_AGGRESSIVE;
				GCC_WARN_UNUSED_FUNCTION = YES;
				GCC_WARN_UNUSED_VARIABLE = YES;
				IPHONEOS_DEPLOYMENT_TARGET = 15.4;
				MTL_ENABLE_DEBUG_INFO = NO;
				MTL_FAST_MATH = YES;
				SDKROOT = iphoneos;
				SWIFT_COMPILATION_MODE = wholemodule;
				SWIFT_OPTIMIZATION_LEVEL = "-O";
				VALIDATE_PRODUCT = YES;
			};
			name = Release;
		};
		45547728281A2F800085AC46 /* Debug */ = {
			isa = XCBuildConfiguration;
			buildSettings = {
				ASSETCATALOG_COMPILER_APPICON_NAME = AppIcon;
				ASSETCATALOG_COMPILER_GLOBAL_ACCENT_COLOR_NAME = AccentColor;
				CODE_SIGN_STYLE = Automatic;
				CURRENT_PROJECT_VERSION = 1;
				DEVELOPMENT_TEAM = BV8QQX5M8Y;
				GENERATE_INFOPLIST_FILE = YES;
				INFOPLIST_FILE = RabbleWabble/Info.plist;
				INFOPLIST_KEY_UIApplicationSupportsIndirectInputEvents = YES;
				INFOPLIST_KEY_UILaunchStoryboardName = LaunchScreen;
				INFOPLIST_KEY_UIMainStoryboardFile = Main;
				INFOPLIST_KEY_UISupportedInterfaceOrientations_iPad = "UIInterfaceOrientationPortrait UIInterfaceOrientationPortraitUpsideDown UIInterfaceOrientationLandscapeLeft UIInterfaceOrientationLandscapeRight";
				INFOPLIST_KEY_UISupportedInterfaceOrientations_iPhone = "UIInterfaceOrientationPortrait UIInterfaceOrientationLandscapeLeft UIInterfaceOrientationLandscapeRight";
				LD_RUNPATH_SEARCH_PATHS = (
					"$(inherited)",
					"@executable_path/Frameworks",
				);
				MARKETING_VERSION = 1.0;
				PRODUCT_BUNDLE_IDENTIFIER = algoives.RabbleWabble;
				PRODUCT_NAME = "$(TARGET_NAME)";
				SWIFT_EMIT_LOC_STRINGS = YES;
				SWIFT_VERSION = 5.0;
				TARGETED_DEVICE_FAMILY = "1,2";
			};
			name = Debug;
		};
		45547729281A2F800085AC46 /* Release */ = {
			isa = XCBuildConfiguration;
			buildSettings = {
				ASSETCATALOG_COMPILER_APPICON_NAME = AppIcon;
				ASSETCATALOG_COMPILER_GLOBAL_ACCENT_COLOR_NAME = AccentColor;
				CODE_SIGN_STYLE = Automatic;
				CURRENT_PROJECT_VERSION = 1;
				DEVELOPMENT_TEAM = BV8QQX5M8Y;
				GENERATE_INFOPLIST_FILE = YES;
				INFOPLIST_FILE = RabbleWabble/Info.plist;
				INFOPLIST_KEY_UIApplicationSupportsIndirectInputEvents = YES;
				INFOPLIST_KEY_UILaunchStoryboardName = LaunchScreen;
				INFOPLIST_KEY_UIMainStoryboardFile = Main;
				INFOPLIST_KEY_UISupportedInterfaceOrientations_iPad = "UIInterfaceOrientationPortrait UIInterfaceOrientationPortraitUpsideDown UIInterfaceOrientationLandscapeLeft UIInterfaceOrientationLandscapeRight";
				INFOPLIST_KEY_UISupportedInterfaceOrientations_iPhone = "UIInterfaceOrientationPortrait UIInterfaceOrientationLandscapeLeft UIInterfaceOrientationLandscapeRight";
				LD_RUNPATH_SEARCH_PATHS = (
					"$(inherited)",
					"@executable_path/Frameworks",
				);
				MARKETING_VERSION = 1.0;
				PRODUCT_BUNDLE_IDENTIFIER = algoives.RabbleWabble;
				PRODUCT_NAME = "$(TARGET_NAME)";
				SWIFT_EMIT_LOC_STRINGS = YES;
				SWIFT_VERSION = 5.0;
				TARGETED_DEVICE_FAMILY = "1,2";
			};
			name = Release;
		};
		4554772B281A2F800085AC46 /* Debug */ = {
			isa = XCBuildConfiguration;
			buildSettings = {
				ALWAYS_EMBED_SWIFT_STANDARD_LIBRARIES = YES;
				BUNDLE_LOADER = "$(TEST_HOST)";
				CODE_SIGN_STYLE = Automatic;
				CURRENT_PROJECT_VERSION = 1;
				DEVELOPMENT_TEAM = BV8QQX5M8Y;
				GENERATE_INFOPLIST_FILE = YES;
				IPHONEOS_DEPLOYMENT_TARGET = 15.4;
				MARKETING_VERSION = 1.0;
				PRODUCT_BUNDLE_IDENTIFIER = algoives.RabbleWabbleTests;
				PRODUCT_NAME = "$(TARGET_NAME)";
				SWIFT_EMIT_LOC_STRINGS = NO;
				SWIFT_VERSION = 5.0;
				TARGETED_DEVICE_FAMILY = "1,2";
				TEST_HOST = "$(BUILT_PRODUCTS_DIR)/RabbleWabble.app/RabbleWabble";
			};
			name = Debug;
		};
		4554772C281A2F800085AC46 /* Release */ = {
			isa = XCBuildConfiguration;
			buildSettings = {
				ALWAYS_EMBED_SWIFT_STANDARD_LIBRARIES = YES;
				BUNDLE_LOADER = "$(TEST_HOST)";
				CODE_SIGN_STYLE = Automatic;
				CURRENT_PROJECT_VERSION = 1;
				DEVELOPMENT_TEAM = BV8QQX5M8Y;
				GENERATE_INFOPLIST_FILE = YES;
				IPHONEOS_DEPLOYMENT_TARGET = 15.4;
				MARKETING_VERSION = 1.0;
				PRODUCT_BUNDLE_IDENTIFIER = algoives.RabbleWabbleTests;
				PRODUCT_NAME = "$(TARGET_NAME)";
				SWIFT_EMIT_LOC_STRINGS = NO;
				SWIFT_VERSION = 5.0;
				TARGETED_DEVICE_FAMILY = "1,2";
				TEST_HOST = "$(BUILT_PRODUCTS_DIR)/RabbleWabble.app/RabbleWabble";
			};
			name = Release;
		};
		4554772E281A2F800085AC46 /* Debug */ = {
			isa = XCBuildConfiguration;
			buildSettings = {
				ALWAYS_EMBED_SWIFT_STANDARD_LIBRARIES = YES;
				CODE_SIGN_STYLE = Automatic;
				CURRENT_PROJECT_VERSION = 1;
				DEVELOPMENT_TEAM = BV8QQX5M8Y;
				GENERATE_INFOPLIST_FILE = YES;
				MARKETING_VERSION = 1.0;
				PRODUCT_BUNDLE_IDENTIFIER = algoives.RabbleWabbleUITests;
				PRODUCT_NAME = "$(TARGET_NAME)";
				SWIFT_EMIT_LOC_STRINGS = NO;
				SWIFT_VERSION = 5.0;
				TARGETED_DEVICE_FAMILY = "1,2";
				TEST_TARGET_NAME = RabbleWabble;
			};
			name = Debug;
		};
		4554772F281A2F800085AC46 /* Release */ = {
			isa = XCBuildConfiguration;
			buildSettings = {
				ALWAYS_EMBED_SWIFT_STANDARD_LIBRARIES = YES;
				CODE_SIGN_STYLE = Automatic;
				CURRENT_PROJECT_VERSION = 1;
				DEVELOPMENT_TEAM = BV8QQX5M8Y;
				GENERATE_INFOPLIST_FILE = YES;
				MARKETING_VERSION = 1.0;
				PRODUCT_BUNDLE_IDENTIFIER = algoives.RabbleWabbleUITests;
				PRODUCT_NAME = "$(TARGET_NAME)";
				SWIFT_EMIT_LOC_STRINGS = NO;
				SWIFT_VERSION = 5.0;
				TARGETED_DEVICE_FAMILY = "1,2";
				TEST_TARGET_NAME = RabbleWabble;
			};
			name = Release;
		};
/* End XCBuildConfiguration section */

/* Begin XCConfigurationList section */
		455476F8281A2F7E0085AC46 /* Build configuration list for PBXProject "RabbleWabble" */ = {
			isa = XCConfigurationList;
			buildConfigurations = (
				45547725281A2F800085AC46 /* Debug */,
				45547726281A2F800085AC46 /* Release */,
			);
			defaultConfigurationIsVisible = 0;
			defaultConfigurationName = Release;
		};
		45547727281A2F800085AC46 /* Build configuration list for PBXNativeTarget "RabbleWabble" */ = {
			isa = XCConfigurationList;
			buildConfigurations = (
				45547728281A2F800085AC46 /* Debug */,
				45547729281A2F800085AC46 /* Release */,
			);
			defaultConfigurationIsVisible = 0;
			defaultConfigurationName = Release;
		};
		4554772A281A2F800085AC46 /* Build configuration list for PBXNativeTarget "RabbleWabbleTests" */ = {
			isa = XCConfigurationList;
			buildConfigurations = (
				4554772B281A2F800085AC46 /* Debug */,
				4554772C281A2F800085AC46 /* Release */,
			);
			defaultConfigurationIsVisible = 0;
			defaultConfigurationName = Release;
		};
		4554772D281A2F800085AC46 /* Build configuration list for PBXNativeTarget "RabbleWabbleUITests" */ = {
			isa = XCConfigurationList;
			buildConfigurations = (
				4554772E281A2F800085AC46 /* Debug */,
				4554772F281A2F800085AC46 /* Release */,
			);
			defaultConfigurationIsVisible = 0;
			defaultConfigurationName = Release;
		};
/* End XCConfigurationList section */
	};
	rootObject = 455476F5281A2F7E0085AC46 /* Project object */;
}
